
Microsoft Visual Studio Solution File, Format Version 12.00
# Visual Studio Version 16
VisualStudioVersion = 16.0.29215.179
MinimumVisualStudioVersion = 10.0.40219.1
Project("{FAE04EC0-301F-11D3-BF4B-00C04F79EFBC}") = "LinqFormsLab", "LinqFormsLab\LinqFormsLab.csproj", "{268936CE-1B7F-44B0-8877-4449A508983A}"
EndProject
Global
	GlobalSection(SolutionConfigurationPlatforms) = preSolution
		Debug|Any CPU = Debug|Any CPU
		Release|Any CPU = Release|Any CPU
	EndGlobalSection
	GlobalSection(ProjectConfigurationPlatforms) = postSolution
		{268936CE-1B7F-44B0-8877-4449A508983A}.Debug|Any CPU.ActiveCfg = Debug|Any CPU
		{268936CE-1B7F-44B0-8877-4449A508983A}.Debug|Any CPU.Build.0 = Debug|Any CPU
		{268936CE-1B7F-44B0-8877-4449A508983A}.Release|Any CPU.ActiveCfg = Release|Any CPU
		{268936CE-1B7F-44B0-8877-4449A508983A}.Release|Any CPU.Build.0 = Release|Any CPU
	EndGlobalSection
	GlobalSection(SolutionProperties) = preSolution
		HideSolutionNode = FALSE
	EndGlobalSection
	GlobalSection(ExtensibilityGlobals) = postSolution
		SolutionGuid = {DD69B9E1-B2AF-4E4B-AC22-FF3A98D78520}
	EndGlobalSection
EndGlobal
